
Microsoft Visual Studio Solution File, Format Version 12.00
# Visual Studio Version 17
VisualStudioVersion = 17.5.002.0
MinimumVisualStudioVersion = 10.0.40219.1
Project("{9A19103F-16F7-4668-BE54-9A1E7A4F7556}") = "Bloggplattform", "Bloggplattform.csproj", "{F412181D-2E4D-4F50-A5AA-13EEB0A7654D}"
EndProject
Global
	GlobalSection(SolutionConfigurationPlatforms) = preSolution
		Debug|Any CPU = Debug|Any CPU
		Release|Any CPU = Release|Any CPU
	EndGlobalSection
	GlobalSection(ProjectConfigurationPlatforms) = postSolution
		{F412181D-2E4D-4F50-A5AA-13EEB0A7654D}.Debug|Any CPU.ActiveCfg = Debug|Any CPU
		{F412181D-2E4D-4F50-A5AA-13EEB0A7654D}.Debug|Any CPU.Build.0 = Debug|Any CPU
		{F412181D-2E4D-4F50-A5AA-13EEB0A7654D}.Release|Any CPU.ActiveCfg = Release|Any CPU
		{F412181D-2E4D-4F50-A5AA-13EEB0A7654D}.Release|Any CPU.Build.0 = Release|Any CPU
	EndGlobalSection
	GlobalSection(SolutionProperties) = preSolution
		HideSolutionNode = FALSE
	EndGlobalSection
	GlobalSection(ExtensibilityGlobals) = postSolution
		SolutionGuid = {1351C4CD-A8D1-4666-8307-BA1171FB991E}
	EndGlobalSection
EndGlobal
